// !$*UTF8*$!
{
	archiveVersion = 1;
	classes = {
	};
	objectVersion = 50;
	objects = {

/* Begin PBXBuildFile section */
		AB3E57B26651F15589B67FC5 /* Pods_Bookr.framework in Frameworks */ = {isa = PBXBuildFile; fileRef = C0A249F808167594ECD98EAE /* Pods_Bookr.framework */; };
		B506A50C22EF58A500061FCF /* AppDelegate.swift in Sources */ = {isa = PBXBuildFile; fileRef = B506A50B22EF58A500061FCF /* AppDelegate.swift */; };
		B506A51322EF58A500061FCF /* Assets.xcassets in Resources */ = {isa = PBXBuildFile; fileRef = B506A51222EF58A500061FCF /* Assets.xcassets */; };
		B506A51622EF58A500061FCF /* LaunchScreen.storyboard in Resources */ = {isa = PBXBuildFile; fileRef = B506A51422EF58A500061FCF /* LaunchScreen.storyboard */; };
		B506A53522EF5D5800061FCF /* Profile.storyboard in Resources */ = {isa = PBXBuildFile; fileRef = B506A53122EF5D5800061FCF /* Profile.storyboard */; };
		B506A53622EF5D5800061FCF /* Main.storyboard in Resources */ = {isa = PBXBuildFile; fileRef = B506A53222EF5D5800061FCF /* Main.storyboard */; };
		B506A53722EF5D5800061FCF /* Login.storyboard in Resources */ = {isa = PBXBuildFile; fileRef = B506A53322EF5D5800061FCF /* Login.storyboard */; };
		B506A53A22EF60BD00061FCF /* EndPointType.swift in Sources */ = {isa = PBXBuildFile; fileRef = B506A53922EF60BD00061FCF /* EndPointType.swift */; };
		B506A54022EF619D00061FCF /* HTTPMethod.swift in Sources */ = {isa = PBXBuildFile; fileRef = B506A53F22EF619D00061FCF /* HTTPMethod.swift */; };
		B506A54222EF621A00061FCF /* HTTPTask.swift in Sources */ = {isa = PBXBuildFile; fileRef = B506A54122EF621A00061FCF /* HTTPTask.swift */; };
		B506A54422EF62ED00061FCF /* ParameterEncoding.swift in Sources */ = {isa = PBXBuildFile; fileRef = B506A54322EF62ED00061FCF /* ParameterEncoding.swift */; };
		B506A54622EF651000061FCF /* NetworkError.swift in Sources */ = {isa = PBXBuildFile; fileRef = B506A54522EF651000061FCF /* NetworkError.swift */; };
		B506A54822EF658300061FCF /* URLParameterEncoder.swift in Sources */ = {isa = PBXBuildFile; fileRef = B506A54722EF658300061FCF /* URLParameterEncoder.swift */; };
		B506A54A22EF689E00061FCF /* JSONParameterEncoder.swift in Sources */ = {isa = PBXBuildFile; fileRef = B506A54922EF689E00061FCF /* JSONParameterEncoder.swift */; };
		B5FE506622EF69D400EB6C6D /* NetworkRouter.swift in Sources */ = {isa = PBXBuildFile; fileRef = B5FE506522EF69D400EB6C6D /* NetworkRouter.swift */; };
		B5FE506822EF7EB100EB6C6D /* Router.swift in Sources */ = {isa = PBXBuildFile; fileRef = B5FE506722EF7EB100EB6C6D /* Router.swift */; };
		B5FE506A22EF883700EB6C6D /* BookrRouter.swift in Sources */ = {isa = PBXBuildFile; fileRef = B5FE506922EF883700EB6C6D /* BookrRouter.swift */; };
		B5FE506C22EFAF8200EB6C6D /* User.swift in Sources */ = {isa = PBXBuildFile; fileRef = B5FE506B22EFAF8200EB6C6D /* User.swift */; };
		B5FE506E22EFB62000EB6C6D /* NetworkManager.swift in Sources */ = {isa = PBXBuildFile; fileRef = B5FE506D22EFB62000EB6C6D /* NetworkManager.swift */; };
		B5FE507022EFBC1100EB6C6D /* Login.swift in Sources */ = {isa = PBXBuildFile; fileRef = B5FE506F22EFBC1100EB6C6D /* Login.swift */; };
		B5FE507222EFC15E00EB6C6D /* TestVC.swift in Sources */ = {isa = PBXBuildFile; fileRef = B5FE507122EFC15E00EB6C6D /* TestVC.swift */; };
		B5FE507422EFC74700EB6C6D /* LoginRequest.swift in Sources */ = {isa = PBXBuildFile; fileRef = B5FE507322EFC74700EB6C6D /* LoginRequest.swift */; };
		B5FE507622F0774300EB6C6D /* RegisterRequest.swift in Sources */ = {isa = PBXBuildFile; fileRef = B5FE507522F0774300EB6C6D /* RegisterRequest.swift */; };
		B5FE507822F0783C00EB6C6D /* UserAPIManager.swift in Sources */ = {isa = PBXBuildFile; fileRef = B5FE507722F0783C00EB6C6D /* UserAPIManager.swift */; };
		B5FE507A22F0A6F100EB6C6D /* Review.swift in Sources */ = {isa = PBXBuildFile; fileRef = B5FE507922F0A6F100EB6C6D /* Review.swift */; };
		B5FE507C22F0AA0500EB6C6D /* SettingsController.swift in Sources */ = {isa = PBXBuildFile; fileRef = B5FE507B22F0AA0500EB6C6D /* SettingsController.swift */; };
		B5FE507E22F0BAE900EB6C6D /* AccessKeys.swift in Sources */ = {isa = PBXBuildFile; fileRef = B5FE507D22F0BAE900EB6C6D /* AccessKeys.swift */; };
		B5FE508022F0E26500EB6C6D /* BookAPIManager.swift in Sources */ = {isa = PBXBuildFile; fileRef = B5FE507F22F0E26500EB6C6D /* BookAPIManager.swift */; };
/* End PBXBuildFile section */

/* Begin PBXFileReference section */
		6820DCA7B6B912842EFF3C43 /* Pods-Bookr.debug.xcconfig */ = {isa = PBXFileReference; includeInIndex = 1; lastKnownFileType = text.xcconfig; name = "Pods-Bookr.debug.xcconfig"; path = "Pods/Target Support Files/Pods-Bookr/Pods-Bookr.debug.xcconfig"; sourceTree = "<group>"; };
		B506A50822EF58A500061FCF /* Bookr.app */ = {isa = PBXFileReference; explicitFileType = wrapper.application; includeInIndex = 0; path = Bookr.app; sourceTree = BUILT_PRODUCTS_DIR; };
		B506A50B22EF58A500061FCF /* AppDelegate.swift */ = {isa = PBXFileReference; lastKnownFileType = sourcecode.swift; path = AppDelegate.swift; sourceTree = "<group>"; };
		B506A51222EF58A500061FCF /* Assets.xcassets */ = {isa = PBXFileReference; lastKnownFileType = folder.assetcatalog; path = Assets.xcassets; sourceTree = "<group>"; };
		B506A51522EF58A500061FCF /* Base */ = {isa = PBXFileReference; lastKnownFileType = file.storyboard; name = Base; path = Base.lproj/LaunchScreen.storyboard; sourceTree = "<group>"; };
		B506A51722EF58A500061FCF /* Info.plist */ = {isa = PBXFileReference; lastKnownFileType = text.plist.xml; path = Info.plist; sourceTree = "<group>"; };
		B506A53122EF5D5800061FCF /* Profile.storyboard */ = {isa = PBXFileReference; fileEncoding = 4; lastKnownFileType = file.storyboard; path = Profile.storyboard; sourceTree = "<group>"; };
		B506A53222EF5D5800061FCF /* Main.storyboard */ = {isa = PBXFileReference; fileEncoding = 4; lastKnownFileType = file.storyboard; path = Main.storyboard; sourceTree = "<group>"; };
		B506A53322EF5D5800061FCF /* Login.storyboard */ = {isa = PBXFileReference; fileEncoding = 4; lastKnownFileType = file.storyboard; path = Login.storyboard; sourceTree = "<group>"; };
		B506A53922EF60BD00061FCF /* EndPointType.swift */ = {isa = PBXFileReference; lastKnownFileType = sourcecode.swift; path = EndPointType.swift; sourceTree = "<group>"; };
		B506A53F22EF619D00061FCF /* HTTPMethod.swift */ = {isa = PBXFileReference; lastKnownFileType = sourcecode.swift; path = HTTPMethod.swift; sourceTree = "<group>"; };
		B506A54122EF621A00061FCF /* HTTPTask.swift */ = {isa = PBXFileReference; lastKnownFileType = sourcecode.swift; path = HTTPTask.swift; sourceTree = "<group>"; };
		B506A54322EF62ED00061FCF /* ParameterEncoding.swift */ = {isa = PBXFileReference; lastKnownFileType = sourcecode.swift; path = ParameterEncoding.swift; sourceTree = "<group>"; };
		B506A54522EF651000061FCF /* NetworkError.swift */ = {isa = PBXFileReference; lastKnownFileType = sourcecode.swift; path = NetworkError.swift; sourceTree = "<group>"; };
		B506A54722EF658300061FCF /* URLParameterEncoder.swift */ = {isa = PBXFileReference; lastKnownFileType = sourcecode.swift; path = URLParameterEncoder.swift; sourceTree = "<group>"; };
		B506A54922EF689E00061FCF /* JSONParameterEncoder.swift */ = {isa = PBXFileReference; lastKnownFileType = sourcecode.swift; path = JSONParameterEncoder.swift; sourceTree = "<group>"; };
		B5FE506522EF69D400EB6C6D /* NetworkRouter.swift */ = {isa = PBXFileReference; lastKnownFileType = sourcecode.swift; path = NetworkRouter.swift; sourceTree = "<group>"; };
		B5FE506722EF7EB100EB6C6D /* Router.swift */ = {isa = PBXFileReference; lastKnownFileType = sourcecode.swift; path = Router.swift; sourceTree = "<group>"; };
		B5FE506922EF883700EB6C6D /* BookrRouter.swift */ = {isa = PBXFileReference; lastKnownFileType = sourcecode.swift; path = BookrRouter.swift; sourceTree = "<group>"; };
		B5FE506B22EFAF8200EB6C6D /* User.swift */ = {isa = PBXFileReference; lastKnownFileType = sourcecode.swift; path = User.swift; sourceTree = "<group>"; };
		B5FE506D22EFB62000EB6C6D /* NetworkManager.swift */ = {isa = PBXFileReference; lastKnownFileType = sourcecode.swift; path = NetworkManager.swift; sourceTree = "<group>"; };
		B5FE506F22EFBC1100EB6C6D /* Login.swift */ = {isa = PBXFileReference; lastKnownFileType = sourcecode.swift; path = Login.swift; sourceTree = "<group>"; };
		B5FE507122EFC15E00EB6C6D /* TestVC.swift */ = {isa = PBXFileReference; lastKnownFileType = sourcecode.swift; path = TestVC.swift; sourceTree = "<group>"; };
		B5FE507322EFC74700EB6C6D /* LoginRequest.swift */ = {isa = PBXFileReference; lastKnownFileType = sourcecode.swift; path = LoginRequest.swift; sourceTree = "<group>"; };
		B5FE507522F0774300EB6C6D /* RegisterRequest.swift */ = {isa = PBXFileReference; lastKnownFileType = sourcecode.swift; path = RegisterRequest.swift; sourceTree = "<group>"; };
		B5FE507722F0783C00EB6C6D /* UserAPIManager.swift */ = {isa = PBXFileReference; lastKnownFileType = sourcecode.swift; path = UserAPIManager.swift; sourceTree = "<group>"; };
		B5FE507922F0A6F100EB6C6D /* Review.swift */ = {isa = PBXFileReference; lastKnownFileType = sourcecode.swift; path = Review.swift; sourceTree = "<group>"; };
		B5FE507B22F0AA0500EB6C6D /* SettingsController.swift */ = {isa = PBXFileReference; lastKnownFileType = sourcecode.swift; path = SettingsController.swift; sourceTree = "<group>"; };
		B5FE507D22F0BAE900EB6C6D /* AccessKeys.swift */ = {isa = PBXFileReference; lastKnownFileType = sourcecode.swift; path = AccessKeys.swift; sourceTree = "<group>"; };
		B5FE507F22F0E26500EB6C6D /* BookAPIManager.swift */ = {isa = PBXFileReference; lastKnownFileType = sourcecode.swift; path = BookAPIManager.swift; sourceTree = "<group>"; };
		C0A249F808167594ECD98EAE /* Pods_Bookr.framework */ = {isa = PBXFileReference; explicitFileType = wrapper.framework; includeInIndex = 0; path = Pods_Bookr.framework; sourceTree = BUILT_PRODUCTS_DIR; };
		E20A1D4ACE7271809E510BE5 /* Pods-Bookr.release.xcconfig */ = {isa = PBXFileReference; includeInIndex = 1; lastKnownFileType = text.xcconfig; name = "Pods-Bookr.release.xcconfig"; path = "Pods/Target Support Files/Pods-Bookr/Pods-Bookr.release.xcconfig"; sourceTree = "<group>"; };
/* End PBXFileReference section */

/* Begin PBXFrameworksBuildPhase section */
		B506A50522EF58A500061FCF /* Frameworks */ = {
			isa = PBXFrameworksBuildPhase;
			buildActionMask = 2147483647;
			files = (
				AB3E57B26651F15589B67FC5 /* Pods_Bookr.framework in Frameworks */,
			);
			runOnlyForDeploymentPostprocessing = 0;
		};
/* End PBXFrameworksBuildPhase section */

/* Begin PBXGroup section */
		A522E4489B728F50D12DC746 /* Pods */ = {
			isa = PBXGroup;
			children = (
				6820DCA7B6B912842EFF3C43 /* Pods-Bookr.debug.xcconfig */,
				E20A1D4ACE7271809E510BE5 /* Pods-Bookr.release.xcconfig */,
			);
			name = Pods;
			sourceTree = "<group>";
		};
		B506A4FF22EF58A500061FCF = {
			isa = PBXGroup;
			children = (
				B506A50A22EF58A500061FCF /* Bookr */,
				B506A50922EF58A500061FCF /* Products */,
				A522E4489B728F50D12DC746 /* Pods */,
				ED90B47687F4E21236332C73 /* Frameworks */,
			);
			sourceTree = "<group>";
		};
		B506A50922EF58A500061FCF /* Products */ = {
			isa = PBXGroup;
			children = (
				B506A50822EF58A500061FCF /* Bookr.app */,
			);
			name = Products;
			sourceTree = "<group>";
		};
		B506A50A22EF58A500061FCF /* Bookr */ = {
			isa = PBXGroup;
			children = (
				B506A53822EF603000061FCF /* Networking */,
				B506A52D22EF5D5800061FCF /* Controllers */,
				B506A52C22EF5D5800061FCF /* Models */,
				B506A52E22EF5D5800061FCF /* Views */,
				B506A50B22EF58A500061FCF /* AppDelegate.swift */,
				B506A51222EF58A500061FCF /* Assets.xcassets */,
				B506A51422EF58A500061FCF /* LaunchScreen.storyboard */,
				B506A51722EF58A500061FCF /* Info.plist */,
				B5FE507D22F0BAE900EB6C6D /* AccessKeys.swift */,
			);
			path = Bookr;
			sourceTree = "<group>";
		};
		B506A52C22EF5D5800061FCF /* Models */ = {
			isa = PBXGroup;
			children = (
				B5FE506B22EFAF8200EB6C6D /* User.swift */,
				B5FE506F22EFBC1100EB6C6D /* Login.swift */,
				B5FE507322EFC74700EB6C6D /* LoginRequest.swift */,
				B5FE507522F0774300EB6C6D /* RegisterRequest.swift */,
				B5FE507922F0A6F100EB6C6D /* Review.swift */,
			);
			path = Models;
			sourceTree = "<group>";
		};
		B506A52D22EF5D5800061FCF /* Controllers */ = {
			isa = PBXGroup;
			children = (
				B5FE507122EFC15E00EB6C6D /* TestVC.swift */,
				B5FE507B22F0AA0500EB6C6D /* SettingsController.swift */,
			);
			path = Controllers;
			sourceTree = "<group>";
		};
		B506A52E22EF5D5800061FCF /* Views */ = {
			isa = PBXGroup;
			children = (
				B506A52F22EF5D5800061FCF /* Storyboards */,
			);
			path = Views;
			sourceTree = "<group>";
		};
		B506A52F22EF5D5800061FCF /* Storyboards */ = {
			isa = PBXGroup;
			children = (
				B506A53122EF5D5800061FCF /* Profile.storyboard */,
				B506A53222EF5D5800061FCF /* Main.storyboard */,
				B506A53322EF5D5800061FCF /* Login.storyboard */,
			);
			path = Storyboards;
			sourceTree = "<group>";
		};
		B506A53822EF603000061FCF /* Networking */ = {
			isa = PBXGroup;
			children = (
				B506A53E22EF60E300061FCF /* Endpoint */,
				B506A53D22EF60DD00061FCF /* Manager */,
				B506A53C22EF60D600061FCF /* Service */,
				B506A53B22EF60CC00061FCF /* Encoding */,
			);
			path = Networking;
			sourceTree = "<group>";
		};
		B506A53B22EF60CC00061FCF /* Encoding */ = {
			isa = PBXGroup;
			children = (
				B506A54322EF62ED00061FCF /* ParameterEncoding.swift */,
				B506A54722EF658300061FCF /* URLParameterEncoder.swift */,
				B506A54922EF689E00061FCF /* JSONParameterEncoder.swift */,
			);
			path = Encoding;
			sourceTree = "<group>";
		};
		B506A53C22EF60D600061FCF /* Service */ = {
			isa = PBXGroup;
			children = (
				B506A53922EF60BD00061FCF /* EndPointType.swift */,
				B506A53F22EF619D00061FCF /* HTTPMethod.swift */,
				B506A54122EF621A00061FCF /* HTTPTask.swift */,
				B506A54522EF651000061FCF /* NetworkError.swift */,
				B5FE506522EF69D400EB6C6D /* NetworkRouter.swift */,
				B5FE506722EF7EB100EB6C6D /* Router.swift */,
			);
			path = Service;
			sourceTree = "<group>";
		};
		B506A53D22EF60DD00061FCF /* Manager */ = {
			isa = PBXGroup;
			children = (
				B5FE506D22EFB62000EB6C6D /* NetworkManager.swift */,
				B5FE507722F0783C00EB6C6D /* UserAPIManager.swift */,
				B5FE507F22F0E26500EB6C6D /* BookAPIManager.swift */,
			);
			path = Manager;
			sourceTree = "<group>";
		};
		B506A53E22EF60E300061FCF /* Endpoint */ = {
			isa = PBXGroup;
			children = (
				B5FE506922EF883700EB6C6D /* BookrRouter.swift */,
			);
			path = Endpoint;
			sourceTree = "<group>";
		};
		ED90B47687F4E21236332C73 /* Frameworks */ = {
			isa = PBXGroup;
			children = (
				C0A249F808167594ECD98EAE /* Pods_Bookr.framework */,
			);
			name = Frameworks;
			sourceTree = "<group>";
		};
/* End PBXGroup section */

/* Begin PBXNativeTarget section */
		B506A50722EF58A500061FCF /* Bookr */ = {
			isa = PBXNativeTarget;
			buildConfigurationList = B506A51A22EF58A500061FCF /* Build configuration list for PBXNativeTarget "Bookr" */;
			buildPhases = (
				36BA68A8EDAB00F46831F148 /* [CP] Check Pods Manifest.lock */,
				B506A50422EF58A500061FCF /* Sources */,
				B506A50522EF58A500061FCF /* Frameworks */,
				B506A50622EF58A500061FCF /* Resources */,
				B6DB6C72E246D2AE18A439D2 /* [CP] Embed Pods Frameworks */,
			);
			buildRules = (
			);
			dependencies = (
			);
			name = Bookr;
			productName = Bookr;
			productReference = B506A50822EF58A500061FCF /* Bookr.app */;
			productType = "com.apple.product-type.application";
		};
/* End PBXNativeTarget section */

/* Begin PBXProject section */
		B506A50022EF58A500061FCF /* Project object */ = {
			isa = PBXProject;
			attributes = {
				LastSwiftUpdateCheck = 1030;
				LastUpgradeCheck = 1030;
				ORGANIZATIONNAME = Lambda;
				TargetAttributes = {
					B506A50722EF58A500061FCF = {
						CreatedOnToolsVersion = 10.3;
					};
				};
			};
			buildConfigurationList = B506A50322EF58A500061FCF /* Build configuration list for PBXProject "Bookr" */;
			compatibilityVersion = "Xcode 9.3";
			developmentRegion = en;
			hasScannedForEncodings = 0;
			knownRegions = (
				en,
				Base,
			);
			mainGroup = B506A4FF22EF58A500061FCF;
			productRefGroup = B506A50922EF58A500061FCF /* Products */;
			projectDirPath = "";
			projectRoot = "";
			targets = (
				B506A50722EF58A500061FCF /* Bookr */,
			);
		};
/* End PBXProject section */

/* Begin PBXResourcesBuildPhase section */
		B506A50622EF58A500061FCF /* Resources */ = {
			isa = PBXResourcesBuildPhase;
			buildActionMask = 2147483647;
			files = (
				B506A51622EF58A500061FCF /* LaunchScreen.storyboard in Resources */,
				B506A53722EF5D5800061FCF /* Login.storyboard in Resources */,
				B506A53522EF5D5800061FCF /* Profile.storyboard in Resources */,
				B506A53622EF5D5800061FCF /* Main.storyboard in Resources */,
				B506A51322EF58A500061FCF /* Assets.xcassets in Resources */,
			);
			runOnlyForDeploymentPostprocessing = 0;
		};
/* End PBXResourcesBuildPhase section */

/* Begin PBXShellScriptBuildPhase section */
		36BA68A8EDAB00F46831F148 /* [CP] Check Pods Manifest.lock */ = {
			isa = PBXShellScriptBuildPhase;
			buildActionMask = 2147483647;
			files = (
			);
			inputPaths = (
				"${PODS_PODFILE_DIR_PATH}/Podfile.lock",
				"${PODS_ROOT}/Manifest.lock",
			);
			name = "[CP] Check Pods Manifest.lock";
			outputPaths = (
				"$(DERIVED_FILE_DIR)/Pods-Bookr-checkManifestLockResult.txt",
			);
			runOnlyForDeploymentPostprocessing = 0;
			shellPath = /bin/sh;
			shellScript = "diff \"${PODS_PODFILE_DIR_PATH}/Podfile.lock\" \"${PODS_ROOT}/Manifest.lock\" > /dev/null\nif [ $? != 0 ] ; then\n    # print error to STDERR\n    echo \"error: The sandbox is not in sync with the Podfile.lock. Run 'pod install' or update your CocoaPods installation.\" >&2\n    exit 1\nfi\n# This output is used by Xcode 'outputs' to avoid re-running this script phase.\necho \"SUCCESS\" > \"${SCRIPT_OUTPUT_FILE_0}\"\n";
			showEnvVarsInLog = 0;
		};
		B6DB6C72E246D2AE18A439D2 /* [CP] Embed Pods Frameworks */ = {
			isa = PBXShellScriptBuildPhase;
			buildActionMask = 2147483647;
			files = (
			);
			inputPaths = (
				"${SRCROOT}/Pods/Target Support Files/Pods-Bookr/Pods-Bookr-frameworks.sh",
				"${BUILT_PRODUCTS_DIR}/KeychainAccess/KeychainAccess.framework",
			);
			name = "[CP] Embed Pods Frameworks";
			outputPaths = (
				"${TARGET_BUILD_DIR}/${FRAMEWORKS_FOLDER_PATH}/KeychainAccess.framework",
			);
			runOnlyForDeploymentPostprocessing = 0;
			shellPath = /bin/sh;
			shellScript = "\"${SRCROOT}/Pods/Target Support Files/Pods-Bookr/Pods-Bookr-frameworks.sh\"\n";
			showEnvVarsInLog = 0;
		};
/* End PBXShellScriptBuildPhase section */

/* Begin PBXSourcesBuildPhase section */
		B506A50422EF58A500061FCF /* Sources */ = {
			isa = PBXSourcesBuildPhase;
			buildActionMask = 2147483647;
			files = (
				B506A54A22EF689E00061FCF /* JSONParameterEncoder.swift in Sources */,
				B5FE506A22EF883700EB6C6D /* BookrRouter.swift in Sources */,
				B506A54222EF621A00061FCF /* HTTPTask.swift in Sources */,
				B5FE508022F0E26500EB6C6D /* BookAPIManager.swift in Sources */,
				B5FE506E22EFB62000EB6C6D /* NetworkManager.swift in Sources */,
				B5FE506822EF7EB100EB6C6D /* Router.swift in Sources */,
				B506A50C22EF58A500061FCF /* AppDelegate.swift in Sources */,
				B506A54422EF62ED00061FCF /* ParameterEncoding.swift in Sources */,
				B5FE507022EFBC1100EB6C6D /* Login.swift in Sources */,
				B506A54622EF651000061FCF /* NetworkError.swift in Sources */,
				B506A54822EF658300061FCF /* URLParameterEncoder.swift in Sources */,
				B5FE507222EFC15E00EB6C6D /* TestVC.swift in Sources */,
				B5FE506C22EFAF8200EB6C6D /* User.swift in Sources */,
				B5FE507E22F0BAE900EB6C6D /* AccessKeys.swift in Sources */,
				B5FE507622F0774300EB6C6D /* RegisterRequest.swift in Sources */,
				B506A53A22EF60BD00061FCF /* EndPointType.swift in Sources */,
				B5FE507A22F0A6F100EB6C6D /* Review.swift in Sources */,
				B506A54022EF619D00061FCF /* HTTPMethod.swift in Sources */,
				B5FE507C22F0AA0500EB6C6D /* SettingsController.swift in Sources */,
				B5FE507822F0783C00EB6C6D /* UserAPIManager.swift in Sources */,
				B5FE506622EF69D400EB6C6D /* NetworkRouter.swift in Sources */,
				B5FE507422EFC74700EB6C6D /* LoginRequest.swift in Sources */,
			);
			runOnlyForDeploymentPostprocessing = 0;
		};
/* End PBXSourcesBuildPhase section */

/* Begin PBXVariantGroup section */
		B506A51422EF58A500061FCF /* LaunchScreen.storyboard */ = {
			isa = PBXVariantGroup;
			children = (
				B506A51522EF58A500061FCF /* Base */,
			);
			name = LaunchScreen.storyboard;
			sourceTree = "<group>";
		};
/* End PBXVariantGroup section */

/* Begin XCBuildConfiguration section */
		B506A51822EF58A500061FCF /* Debug */ = {
			isa = XCBuildConfiguration;
			buildSettings = {
				ALWAYS_SEARCH_USER_PATHS = NO;
				CLANG_ANALYZER_NONNULL = YES;
				CLANG_ANALYZER_NUMBER_OBJECT_CONVERSION = YES_AGGRESSIVE;
				CLANG_CXX_LANGUAGE_STANDARD = "gnu++14";
				CLANG_CXX_LIBRARY = "libc++";
				CLANG_ENABLE_MODULES = YES;
				CLANG_ENABLE_OBJC_ARC = YES;
				CLANG_ENABLE_OBJC_WEAK = YES;
				CLANG_WARN_BLOCK_CAPTURE_AUTORELEASING = YES;
				CLANG_WARN_BOOL_CONVERSION = YES;
				CLANG_WARN_COMMA = YES;
				CLANG_WARN_CONSTANT_CONVERSION = YES;
				CLANG_WARN_DEPRECATED_OBJC_IMPLEMENTATIONS = YES;
				CLANG_WARN_DIRECT_OBJC_ISA_USAGE = YES_ERROR;
				CLANG_WARN_DOCUMENTATION_COMMENTS = YES;
				CLANG_WARN_EMPTY_BODY = YES;
				CLANG_WARN_ENUM_CONVERSION = YES;
				CLANG_WARN_INFINITE_RECURSION = YES;
				CLANG_WARN_INT_CONVERSION = YES;
				CLANG_WARN_NON_LITERAL_NULL_CONVERSION = YES;
				CLANG_WARN_OBJC_IMPLICIT_RETAIN_SELF = YES;
				CLANG_WARN_OBJC_LITERAL_CONVERSION = YES;
				CLANG_WARN_OBJC_ROOT_CLASS = YES_ERROR;
				CLANG_WARN_RANGE_LOOP_ANALYSIS = YES;
				CLANG_WARN_STRICT_PROTOTYPES = YES;
				CLANG_WARN_SUSPICIOUS_MOVE = YES;
				CLANG_WARN_UNGUARDED_AVAILABILITY = YES_AGGRESSIVE;
				CLANG_WARN_UNREACHABLE_CODE = YES;
				CLANG_WARN__DUPLICATE_METHOD_MATCH = YES;
				CODE_SIGN_IDENTITY = "iPhone Developer";
				COPY_PHASE_STRIP = NO;
				DEBUG_INFORMATION_FORMAT = dwarf;
				ENABLE_STRICT_OBJC_MSGSEND = YES;
				ENABLE_TESTABILITY = YES;
				GCC_C_LANGUAGE_STANDARD = gnu11;
				GCC_DYNAMIC_NO_PIC = NO;
				GCC_NO_COMMON_BLOCKS = YES;
				GCC_OPTIMIZATION_LEVEL = 0;
				GCC_PREPROCESSOR_DEFINITIONS = (
					"DEBUG=1",
					"$(inherited)",
				);
				GCC_WARN_64_TO_32_BIT_CONVERSION = YES;
				GCC_WARN_ABOUT_RETURN_TYPE = YES_ERROR;
				GCC_WARN_UNDECLARED_SELECTOR = YES;
				GCC_WARN_UNINITIALIZED_AUTOS = YES_AGGRESSIVE;
				GCC_WARN_UNUSED_FUNCTION = YES;
				GCC_WARN_UNUSED_VARIABLE = YES;
				IPHONEOS_DEPLOYMENT_TARGET = 12.4;
				MTL_ENABLE_DEBUG_INFO = INCLUDE_SOURCE;
				MTL_FAST_MATH = YES;
				ONLY_ACTIVE_ARCH = YES;
				SDKROOT = iphoneos;
				SWIFT_ACTIVE_COMPILATION_CONDITIONS = DEBUG;
				SWIFT_OPTIMIZATION_LEVEL = "-Onone";
			};
			name = Debug;
		};
		B506A51922EF58A500061FCF /* Release */ = {
			isa = XCBuildConfiguration;
			buildSettings = {
				ALWAYS_SEARCH_USER_PATHS = NO;
				CLANG_ANALYZER_NONNULL = YES;
				CLANG_ANALYZER_NUMBER_OBJECT_CONVERSION = YES_AGGRESSIVE;
				CLANG_CXX_LANGUAGE_STANDARD = "gnu++14";
				CLANG_CXX_LIBRARY = "libc++";
				CLANG_ENABLE_MODULES = YES;
				CLANG_ENABLE_OBJC_ARC = YES;
				CLANG_ENABLE_OBJC_WEAK = YES;
				CLANG_WARN_BLOCK_CAPTURE_AUTORELEASING = YES;
				CLANG_WARN_BOOL_CONVERSION = YES;
				CLANG_WARN_COMMA = YES;
				CLANG_WARN_CONSTANT_CONVERSION = YES;
				CLANG_WARN_DEPRECATED_OBJC_IMPLEMENTATIONS = YES;
				CLANG_WARN_DIRECT_OBJC_ISA_USAGE = YES_ERROR;
				CLANG_WARN_DOCUMENTATION_COMMENTS = YES;
				CLANG_WARN_EMPTY_BODY = YES;
				CLANG_WARN_ENUM_CONVERSION = YES;
				CLANG_WARN_INFINITE_RECURSION = YES;
				CLANG_WARN_INT_CONVERSION = YES;
				CLANG_WARN_NON_LITERAL_NULL_CONVERSION = YES;
				CLANG_WARN_OBJC_IMPLICIT_RETAIN_SELF = YES;
				CLANG_WARN_OBJC_LITERAL_CONVERSION = YES;
				CLANG_WARN_OBJC_ROOT_CLASS = YES_ERROR;
				CLANG_WARN_RANGE_LOOP_ANALYSIS = YES;
				CLANG_WARN_STRICT_PROTOTYPES = YES;
				CLANG_WARN_SUSPICIOUS_MOVE = YES;
				CLANG_WARN_UNGUARDED_AVAILABILITY = YES_AGGRESSIVE;
				CLANG_WARN_UNREACHABLE_CODE = YES;
				CLANG_WARN__DUPLICATE_METHOD_MATCH = YES;
				CODE_SIGN_IDENTITY = "iPhone Developer";
				COPY_PHASE_STRIP = NO;
				DEBUG_INFORMATION_FORMAT = "dwarf-with-dsym";
				ENABLE_NS_ASSERTIONS = NO;
				ENABLE_STRICT_OBJC_MSGSEND = YES;
				GCC_C_LANGUAGE_STANDARD = gnu11;
				GCC_NO_COMMON_BLOCKS = YES;
				GCC_WARN_64_TO_32_BIT_CONVERSION = YES;
				GCC_WARN_ABOUT_RETURN_TYPE = YES_ERROR;
				GCC_WARN_UNDECLARED_SELECTOR = YES;
				GCC_WARN_UNINITIALIZED_AUTOS = YES_AGGRESSIVE;
				GCC_WARN_UNUSED_FUNCTION = YES;
				GCC_WARN_UNUSED_VARIABLE = YES;
				IPHONEOS_DEPLOYMENT_TARGET = 12.4;
				MTL_ENABLE_DEBUG_INFO = NO;
				MTL_FAST_MATH = YES;
				SDKROOT = iphoneos;
				SWIFT_COMPILATION_MODE = wholemodule;
				SWIFT_OPTIMIZATION_LEVEL = "-O";
				VALIDATE_PRODUCT = YES;
			};
			name = Release;
		};
		B506A51B22EF58A500061FCF /* Debug */ = {
			isa = XCBuildConfiguration;
			baseConfigurationReference = 6820DCA7B6B912842EFF3C43 /* Pods-Bookr.debug.xcconfig */;
			buildSettings = {
				ASSETCATALOG_COMPILER_APPICON_NAME = AppIcon;
				CODE_SIGN_STYLE = Automatic;
				DEVELOPMENT_TEAM = "";
				INFOPLIST_FILE = Bookr/Info.plist;
				LD_RUNPATH_SEARCH_PATHS = (
					"$(inherited)",
					"@executable_path/Frameworks",
				);
				PRODUCT_BUNDLE_IDENTIFIER = "com.build-week.Bookr";
				PRODUCT_NAME = "$(TARGET_NAME)";
				SWIFT_VERSION = 5.0;
				TARGETED_DEVICE_FAMILY = "1,2";
			};
			name = Debug;
		};
		B506A51C22EF58A500061FCF /* Release */ = {
			isa = XCBuildConfiguration;
			baseConfigurationReference = E20A1D4ACE7271809E510BE5 /* Pods-Bookr.release.xcconfig */;
			buildSettings = {
				ASSETCATALOG_COMPILER_APPICON_NAME = AppIcon;
				CODE_SIGN_STYLE = Automatic;
				DEVELOPMENT_TEAM = "";
				INFOPLIST_FILE = Bookr/Info.plist;
				LD_RUNPATH_SEARCH_PATHS = (
					"$(inherited)",
					"@executable_path/Frameworks",
				);
				PRODUCT_BUNDLE_IDENTIFIER = "com.build-week.Bookr";
				PRODUCT_NAME = "$(TARGET_NAME)";
				SWIFT_VERSION = 5.0;
				TARGETED_DEVICE_FAMILY = "1,2";
			};
			name = Release;
		};
/* End XCBuildConfiguration section */

/* Begin XCConfigurationList section */
		B506A50322EF58A500061FCF /* Build configuration list for PBXProject "Bookr" */ = {
			isa = XCConfigurationList;
			buildConfigurations = (
				B506A51822EF58A500061FCF /* Debug */,
				B506A51922EF58A500061FCF /* Release */,
			);
			defaultConfigurationIsVisible = 0;
			defaultConfigurationName = Release;
		};
		B506A51A22EF58A500061FCF /* Build configuration list for PBXNativeTarget "Bookr" */ = {
			isa = XCConfigurationList;
			buildConfigurations = (
				B506A51B22EF58A500061FCF /* Debug */,
				B506A51C22EF58A500061FCF /* Release */,
			);
			defaultConfigurationIsVisible = 0;
			defaultConfigurationName = Release;
		};
/* End XCConfigurationList section */
	};
	rootObject = B506A50022EF58A500061FCF /* Project object */;
}
